{
  "name": "ppi-data-provider",
  "version": "1.0.0",
  "lockfileVersion": 2,
  "requires": true,
  "packages": {
    "": {
      "version": "1.0.0",
      "license": "ISC",
      "dependencies": {
        "event-stream": "^3.3.1",
        "JSONStream": "^1.0.6",
        "ngraph.forcelayout": "0.0.12",
        "ngraph.forcelayout3d": "0.0.5",
        "ngraph.graph": "0.0.11",
        "ngraph.offline.layout": "^1.0.0",
        "ngraph.serialization": "0.0.7",
        "ngraph.tobinary": "^1.0.0",
        "tsv": "^0.2.0"
      }
    },
    "node_modules/duplexer": {
      "version": "0.1.2",
      "resolved": "https://registry.nlark.com/duplexer/download/duplexer-0.1.2.tgz",
      "integrity": "sha1-Or5DrvODX4rgd9E23c4PJ2sEAOY="
    },
    "node_modules/event-stream": {
      "version": "3.3.5",
      "resolved": "https://registry.npm.taobao.org/event-stream/download/event-stream-3.3.5.tgz",
      "integrity": "sha1-5d2JiVQ2MNlMbPTWVxIDQfoxY2s=",
      "dependencies": {
        "duplexer": "^0.1.1",
        "from": "^0.1.7",
        "map-stream": "0.0.7",
        "pause-stream": "^0.0.11",
        "split": "^1.0.1",
        "stream-combiner": "^0.2.2",
        "through": "^2.3.8"
      }
    },
    "node_modules/from": {
      "version": "0.1.7",
      "resolved": "https://registry.npm.taobao.org/from/download/from-0.1.7.tgz",
      "integrity": "sha1-g8YK/Fi5xWmXAH7Rp2izqzA6RP4="
    },
    "node_modules/jsonparse": {
      "version": "1.3.1",
      "resolved": "https://registry.npm.taobao.org/jsonparse/download/jsonparse-1.3.1.tgz",
      "integrity": "sha1-P02uSpH6wxX3EGL4UhzCOfE2YoA=",
      "engines": [
        "node >= 0.2.0"
      ]
    },
    "node_modules/JSONStream": {
      "version": "1.3.5",
      "resolved": "https://registry.npm.taobao.org/JSONStream/download/JSONStream-1.3.5.tgz",
      "integrity": "sha1-MgjB8I06TZkmGrZPkjArwV4RHKA=",
      "dependencies": {
        "jsonparse": "^1.2.0",
        "through": ">=2.2.7 <3"
      },
      "bin": {
        "JSONStream": "bin.js"
      },
      "engines": {
        "node": "*"
      }
    },
    "node_modules/map-stream": {
      "version": "0.0.7",
      "resolved": "https://registry.npm.taobao.org/map-stream/download/map-stream-0.0.7.tgz",
      "integrity": "sha1-ih8HiW2CsQkmvTdEokIACfiJdKg="
    },
    "node_modules/minimist": {
      "version": "1.2.5",
      "resolved": "https://registry.nlark.com/minimist/download/minimist-1.2.5.tgz?cache=0&sync_timestamp=1618847181284&other_urls=https%3A%2F%2Fregistry.nlark.com%2Fminimist%2Fdownload%2Fminimist-1.2.5.tgz",
      "integrity": "sha1-Z9ZgFLZqaoqqDAg8X9WN9OTpdgI="
    },
    "node_modules/mkdirp": {
      "version": "0.5.5",
      "resolved": "https://registry.npm.taobao.org/mkdirp/download/mkdirp-0.5.5.tgz",
      "integrity": "sha1-2Rzv1i0UNsoPQWIOJRKI1CAJne8=",
      "dependencies": {
        "minimist": "^1.2.5"
      },
      "bin": {
        "mkdirp": "bin/cmd.js"
      }
    },
    "node_modules/ngraph.events": {
      "version": "0.0.3",
      "resolved": "https://registry.npm.taobao.org/ngraph.events/download/ngraph.events-0.0.3.tgz",
      "integrity": "sha1-OPVTFvPSB61jH/lPZiLKjywOh9A="
    },
    "node_modules/ngraph.expose": {
      "version": "0.0.0",
      "resolved": "https://registry.nlark.com/ngraph.expose/download/ngraph.expose-0.0.0.tgz",
      "integrity": "sha1-dGw0kDo4SMRdAzsUvGRhnqhf5ao="
    },
    "node_modules/ngraph.forcelayout": {
      "version": "0.0.12",
      "resolved": "https://registry.nlark.com/ngraph.forcelayout/download/ngraph.forcelayout-0.0.12.tgz",
      "integrity": "sha1-scJe3KDNUzdy84/xJe0mVsFDIP8=",
      "dependencies": {
        "ngraph.physics.primitives": "0.0.7",
        "ngraph.physics.simulator": "0.0.8"
      }
    },
    "node_modules/ngraph.forcelayout3d": {
      "version": "0.0.5",
      "resolved": "https://registry.npm.taobao.org/ngraph.forcelayout3d/download/ngraph.forcelayout3d-0.0.5.tgz",
      "integrity": "sha1-TsZTK2C/rBbjtEwPPktzIHYNiy0=",
      "dependencies": {
        "ngraph.expose": "0.0.0",
        "ngraph.forcelayout": "0.0.12",
        "ngraph.merge": "0.0.1",
        "ngraph.physics.primitives": "0.0.7",
        "ngraph.physics.simulator": "0.0.8",
        "ngraph.quadtreebh3d": "0.0.2",
        "ngraph.random": "0.0.1"
      }
    },
    "node_modules/ngraph.graph": {
      "version": "0.0.11",
      "resolved": "https://registry.npm.taobao.org/ngraph.graph/download/ngraph.graph-0.0.11.tgz",
      "integrity": "sha1-nxCnJn71l3Q5rFB7r8un9O1yhAE=",
      "dependencies": {
        "ngraph.events": "0.0.3"
      }
    },
    "node_modules/ngraph.merge": {
      "version": "0.0.1",
      "resolved": "https://registry.npm.taobao.org/ngraph.merge/download/ngraph.merge-0.0.1.tgz",
      "integrity": "sha1-5OgM43WBo8lrF9VF46Q8hUNLkCU="
    },
    "node_modules/ngraph.offline.layout": {
      "version": "1.3.0",
      "resolved": "https://registry.nlark.com/ngraph.offline.layout/download/ngraph.offline.layout-1.3.0.tgz",
      "integrity": "sha1-nnfkVQZPAFNks7xRVXTBg7hURHc=",
      "dependencies": {
        "mkdirp": "^0.5.1",
        "ngraph.forcelayout3d": "^1.2.0"
      }
    },
    "node_modules/ngraph.offline.layout/node_modules/ngraph.events": {
      "version": "1.2.1",
      "resolved": "https://registry.npm.taobao.org/ngraph.events/download/ngraph.events-1.2.1.tgz",
      "integrity": "sha1-bkBCXvneweB0u+9tpWyNebkYj9g="
    },
    "node_modules/ngraph.offline.layout/node_modules/ngraph.expose": {
      "version": "1.0.0",
      "resolved": "https://registry.nlark.com/ngraph.expose/download/ngraph.expose-1.0.0.tgz",
      "integrity": "sha1-x+yQTk9Hv4K1vaMzPnOG/IgWS6M="
    },
    "node_modules/ngraph.offline.layout/node_modules/ngraph.forcelayout": {
      "version": "1.2.0",
      "resolved": "https://registry.nlark.com/ngraph.forcelayout/download/ngraph.forcelayout-1.2.0.tgz",
      "integrity": "sha1-n62vpytHjGN2dWzVEq5z5T19eAM=",
      "dependencies": {
        "ngraph.events": "^1.0.0",
        "ngraph.expose": "^1.0.0",
        "ngraph.merge": "^1.0.0",
        "ngraph.quadtreebh": "^1.0.0",
        "ngraph.random": "^1.0.0"
      }
    },
    "node_modules/ngraph.offline.layout/node_modules/ngraph.forcelayout3d": {
      "version": "1.2.0",
      "resolved": "https://registry.npm.taobao.org/ngraph.forcelayout3d/download/ngraph.forcelayout3d-1.2.0.tgz",
      "integrity": "sha1-KI8njsa4Y+T08aLAR8jjQRMFcqY=",
      "dependencies": {
        "ngraph.expose": "^1.0.0",
        "ngraph.forcelayout": "^1.2.0",
        "ngraph.merge": "^1.0.0",
        "ngraph.quadtreebh3d": "^1.0.0",
        "ngraph.random": "^1.0.0"
      }
    },
    "node_modules/ngraph.offline.layout/node_modules/ngraph.merge": {
      "version": "1.0.0",
      "resolved": "https://registry.npm.taobao.org/ngraph.merge/download/ngraph.merge-1.0.0.tgz",
      "integrity": "sha1-12PN+kixu9QnDqJG8Gycj/XTR3w="
    },
    "node_modules/ngraph.offline.layout/node_modules/ngraph.quadtreebh": {
      "version": "1.0.0",
      "resolved": "https://registry.nlark.com/ngraph.quadtreebh/download/ngraph.quadtreebh-1.0.0.tgz",
      "integrity": "sha1-6iSOCXBQFiYcne+fiCXIHmSZyrs=",
      "dependencies": {
        "ngraph.random": "^1.0.0"
      }
    },
    "node_modules/ngraph.offline.layout/node_modules/ngraph.quadtreebh3d": {
      "version": "1.0.0",
      "resolved": "https://registry.npm.taobao.org/ngraph.quadtreebh3d/download/ngraph.quadtreebh3d-1.0.0.tgz",
      "integrity": "sha1-GLh7bbpDRJYj56ur5ggz1Gpnx9M=",
      "dependencies": {
        "ngraph.random": "^1.0.0"
      }
    },
    "node_modules/ngraph.offline.layout/node_modules/ngraph.random": {
      "version": "1.1.0",
      "resolved": "https://registry.npm.taobao.org/ngraph.random/download/ngraph.random-1.1.0.tgz",
      "integrity": "sha1-U0XEu2OGXIXZjubxPqsTldhUWpA="
    },
    "node_modules/ngraph.physics.primitives": {
      "version": "0.0.7",
      "resolved": "https://registry.nlark.com/ngraph.physics.primitives/download/ngraph.physics.primitives-0.0.7.tgz",
      "integrity": "sha1-Xcnhebofkubex3SwHNaJFBILeVs="
    },
    "node_modules/ngraph.physics.simulator": {
      "version": "0.0.8",
      "resolved": "https://registry.nlark.com/ngraph.physics.simulator/download/ngraph.physics.simulator-0.0.8.tgz",
      "integrity": "sha1-53H9tjzmSRH9sQm4W/m4wxupEp4=",
      "dependencies": {
        "ngraph.expose": "0.0.0",
        "ngraph.merge": "0.0.1",
        "ngraph.physics.primitives": "0.0.7",
        "ngraph.quadtreebh": "0.0.2",
        "ngraph.random": "0.0.1"
      }
    },
    "node_modules/ngraph.quadtreebh": {
      "version": "0.0.2",
      "resolved": "https://registry.nlark.com/ngraph.quadtreebh/download/ngraph.quadtreebh-0.0.2.tgz",
      "integrity": "sha1-9nwwxjMYQB/ooaol73G1VhD0Jko=",
      "dependencies": {
        "ngraph.random": "0.0.1"
      }
    },
    "node_modules/ngraph.quadtreebh3d": {
      "version": "0.0.2",
      "resolved": "https://registry.npm.taobao.org/ngraph.quadtreebh3d/download/ngraph.quadtreebh3d-0.0.2.tgz",
      "integrity": "sha1-xw7t8Vyf6IlHrDsNijHL9zXqosQ=",
      "dependencies": {
        "ngraph.random": "0.0.1"
      }
    },
    "node_modules/ngraph.random": {
      "version": "0.0.1",
      "resolved": "https://registry.npm.taobao.org/ngraph.random/download/ngraph.random-0.0.1.tgz",
      "integrity": "sha1-wAji67/f+vF+0Q5LvJE+VnFmvPg="
    },
    "node_modules/ngraph.serialization": {
      "version": "0.0.7",
      "resolved": "https://registry.nlark.com/ngraph.serialization/download/ngraph.serialization-0.0.7.tgz",
      "integrity": "sha1-xmzglYZIUiBNkty/VSuSaWCklbw=",
      "dependencies": {
        "ngraph.graph": "0.0.11"
      }
    },
    "node_modules/ngraph.tobinary": {
      "version": "1.0.2",
      "resolved": "https://registry.nlark.com/ngraph.tobinary/download/ngraph.tobinary-1.0.2.tgz",
      "integrity": "sha1-WenelrldkoaVejJi5Iz5kw4vFRs=",
      "dependencies": {
        "mkdirp": "^0.5.0",
        "ngraph.merge": "0.0.1"
      }
    },
    "node_modules/pause-stream": {
      "version": "0.0.11",
      "resolved": "https://registry.npm.taobao.org/pause-stream/download/pause-stream-0.0.11.tgz",
      "integrity": "sha1-/lo0sMvOErWqaitAPuLnO2AvFEU=",
      "dependencies": {
        "through": "~2.3"
      }
    },
    "node_modules/split": {
      "version": "1.0.1",
      "resolved": "https://registry.npm.taobao.org/split/download/split-1.0.1.tgz",
      "integrity": "sha1-YFvZvjA6pZ+zX5Ip++oN3snqB9k=",
      "dependencies": {
        "through": "2"
      },
      "engines": {
        "node": "*"
      }
    },
    "node_modules/stream-combiner": {
      "version": "0.2.2",
      "resolved": "https://registry.npm.taobao.org/stream-combiner/download/stream-combiner-0.2.2.tgz",
      "integrity": "sha1-rsjLrBd7Vrb0+kec7YwZEs7lKFg=",
      "dependencies": {
        "duplexer": "~0.1.1",
        "through": "~2.3.4"
      }
    },
    "node_modules/through": {
      "version": "2.3.8",
      "resolved": "https://registry.nlark.com/through/download/through-2.3.8.tgz",
      "integrity": "sha1-DdTJ/6q8NXlgsbckEV1+Doai4fU="
    },
    "node_modules/tsv": {
      "version": "0.2.0",
      "resolved": "https://registry.npm.taobao.org/tsv/download/tsv-0.2.0.tgz",
      "integrity": "sha1-koaaPLX1AzLz3JD8qCvmZ9tvctY="
    }
  },
  "dependencies": {
    "duplexer": {
      "version": "0.1.2",
      "resolved": "https://registry.nlark.com/duplexer/download/duplexer-0.1.2.tgz",
      "integrity": "sha1-Or5DrvODX4rgd9E23c4PJ2sEAOY="
    },
    "event-stream": {
      "version": "3.3.5",
      "resolved": "https://registry.npm.taobao.org/event-stream/download/event-stream-3.3.5.tgz",
      "integrity": "sha1-5d2JiVQ2MNlMbPTWVxIDQfoxY2s=",
      "requires": {
        "duplexer": "^0.1.1",
        "from": "^0.1.7",
        "map-stream": "0.0.7",
        "pause-stream": "^0.0.11",
        "split": "^1.0.1",
        "stream-combiner": "^0.2.2",
        "through": "^2.3.8"
      }
    },
    "from": {
      "version": "0.1.7",
      "resolved": "https://registry.npm.taobao.org/from/download/from-0.1.7.tgz",
      "integrity": "sha1-g8YK/Fi5xWmXAH7Rp2izqzA6RP4="
    },
    "jsonparse": {
      "version": "1.3.1",
      "resolved": "https://registry.npm.taobao.org/jsonparse/download/jsonparse-1.3.1.tgz",
      "integrity": "sha1-P02uSpH6wxX3EGL4UhzCOfE2YoA="
    },
    "JSONStream": {
      "version": "1.3.5",
      "resolved": "https://registry.npm.taobao.org/JSONStream/download/JSONStream-1.3.5.tgz",
      "integrity": "sha1-MgjB8I06TZkmGrZPkjArwV4RHKA=",
      "requires": {
        "jsonparse": "^1.2.0",
        "through": ">=2.2.7 <3"
      }
    },
    "map-stream": {
      "version": "0.0.7",
      "resolved": "https://registry.npm.taobao.org/map-stream/download/map-stream-0.0.7.tgz",
      "integrity": "sha1-ih8HiW2CsQkmvTdEokIACfiJdKg="
    },
    "minimist": {
      "version": "1.2.5",
      "resolved": "https://registry.nlark.com/minimist/download/minimist-1.2.5.tgz?cache=0&sync_timestamp=1618847181284&other_urls=https%3A%2F%2Fregistry.nlark.com%2Fminimist%2Fdownload%2Fminimist-1.2.5.tgz",
      "integrity": "sha1-Z9ZgFLZqaoqqDAg8X9WN9OTpdgI="
    },
    "mkdirp": {
      "version": "0.5.5",
      "resolved": "https://registry.npm.taobao.org/mkdirp/download/mkdirp-0.5.5.tgz",
      "integrity": "sha1-2Rzv1i0UNsoPQWIOJRKI1CAJne8=",
      "requires": {
        "minimist": "^1.2.5"
      }
    },
    "ngraph.events": {
      "version": "0.0.3",
      "resolved": "https://registry.npm.taobao.org/ngraph.events/download/ngraph.events-0.0.3.tgz",
      "integrity": "sha1-OPVTFvPSB61jH/lPZiLKjywOh9A="
    },
    "ngraph.expose": {
      "version": "0.0.0",
      "resolved": "https://registry.nlark.com/ngraph.expose/download/ngraph.expose-0.0.0.tgz",
      "integrity": "sha1-dGw0kDo4SMRdAzsUvGRhnqhf5ao="
    },
    "ngraph.forcelayout": {
      "version": "0.0.12",
      "resolved": "https://registry.nlark.com/ngraph.forcelayout/download/ngraph.forcelayout-0.0.12.tgz",
      "integrity": "sha1-scJe3KDNUzdy84/xJe0mVsFDIP8=",
      "requires": {
        "ngraph.physics.primitives": "0.0.7",
        "ngraph.physics.simulator": "0.0.8"
      }
    },
    "ngraph.forcelayout3d": {
      "version": "0.0.5",
      "resolved": "https://registry.npm.taobao.org/ngraph.forcelayout3d/download/ngraph.forcelayout3d-0.0.5.tgz",
      "integrity": "sha1-TsZTK2C/rBbjtEwPPktzIHYNiy0=",
      "requires": {
        "ngraph.expose": "0.0.0",
        "ngraph.forcelayout": "0.0.12",
        "ngraph.merge": "0.0.1",
        "ngraph.physics.primitives": "0.0.7",
        "ngraph.physics.simulator": "0.0.8",
        "ngraph.quadtreebh3d": "0.0.2",
        "ngraph.random": "0.0.1"
      }
    },
    "ngraph.graph": {
      "version": "0.0.11",
      "resolved": "https://registry.npm.taobao.org/ngraph.graph/download/ngraph.graph-0.0.11.tgz",
      "integrity": "sha1-nxCnJn71l3Q5rFB7r8un9O1yhAE=",
      "requires": {
        "ngraph.events": "0.0.3"
      }
    },
    "ngraph.merge": {
      "version": "0.0.1",
      "resolved": "https://registry.npm.taobao.org/ngraph.merge/download/ngraph.merge-0.0.1.tgz",
      "integrity": "sha1-5OgM43WBo8lrF9VF46Q8hUNLkCU="
    },
    "ngraph.offline.layout": {
      "version": "1.3.0",
      "resolved": "https://registry.nlark.com/ngraph.offline.layout/download/ngraph.offline.layout-1.3.0.tgz",
      "integrity": "sha1-nnfkVQZPAFNks7xRVXTBg7hURHc=",
      "requires": {
        "mkdirp": "^0.5.1",
        "ngraph.forcelayout3d": "^1.2.0"
      },
      "dependencies": {
        "ngraph.events": {
          "version": "1.2.1",
          "resolved": "https://registry.npm.taobao.org/ngraph.events/download/ngraph.events-1.2.1.tgz",
          "integrity": "sha1-bkBCXvneweB0u+9tpWyNebkYj9g="
        },
        "ngraph.expose": {
          "version": "1.0.0",
          "resolved": "https://registry.nlark.com/ngraph.expose/download/ngraph.expose-1.0.0.tgz",
          "integrity": "sha1-x+yQTk9Hv4K1vaMzPnOG/IgWS6M="
        },
        "ngraph.forcelayout": {
          "version": "1.2.0",
          "resolved": "https://registry.nlark.com/ngraph.forcelayout/download/ngraph.forcelayout-1.2.0.tgz",
          "integrity": "sha1-n62vpytHjGN2dWzVEq5z5T19eAM=",
          "requires": {
            "ngraph.events": "^1.0.0",
            "ngraph.expose": "^1.0.0",
            "ngraph.merge": "^1.0.0",
            "ngraph.quadtreebh": "^1.0.0",
            "ngraph.random": "^1.0.0"
          }
        },
        "ngraph.forcelayout3d": {
          "version": "1.2.0",
          "resolved": "https://registry.npm.taobao.org/ngraph.forcelayout3d/download/ngraph.forcelayout3d-1.2.0.tgz",
          "integrity": "sha1-KI8njsa4Y+T08aLAR8jjQRMFcqY=",
          "requires": {
            "ngraph.expose": "^1.0.0",
            "ngraph.forcelayout": "^1.2.0",
            "ngraph.merge": "^1.0.0",
            "ngraph.quadtreebh3d": "^1.0.0",
            "ngraph.random": "^1.0.0"
          }
        },
        "ngraph.merge": {
          "version": "1.0.0",
          "resolved": "https://registry.npm.taobao.org/ngraph.merge/download/ngraph.merge-1.0.0.tgz",
          "integrity": "sha1-12PN+kixu9QnDqJG8Gycj/XTR3w="
        },
        "ngraph.quadtreebh": {
          "version": "1.0.0",
          "resolved": "https://registry.nlark.com/ngraph.quadtreebh/download/ngraph.quadtreebh-1.0.0.tgz",
          "integrity": "sha1-6iSOCXBQFiYcne+fiCXIHmSZyrs=",
          "requires": {
            "ngraph.random": "^1.0.0"
          }
        },
        "ngraph.quadtreebh3d": {
          "version": "1.0.0",
          "resolved": "https://registry.npm.taobao.org/ngraph.quadtreebh3d/download/ngraph.quadtreebh3d-1.0.0.tgz",
          "integrity": "sha1-GLh7bbpDRJYj56ur5ggz1Gpnx9M=",
          "requires": {
            "ngraph.random": "^1.0.0"
          }
        },
        "ngraph.random": {
          "version": "1.1.0",
          "resolved": "https://registry.npm.taobao.org/ngraph.random/download/ngraph.random-1.1.0.tgz",
          "integrity": "sha1-U0XEu2OGXIXZjubxPqsTldhUWpA="
        }
      }
    },
    "ngraph.physics.primitives": {
      "version": "0.0.7",
      "resolved": "https://registry.nlark.com/ngraph.physics.primitives/download/ngraph.physics.primitives-0.0.7.tgz",
      "integrity": "sha1-Xcnhebofkubex3SwHNaJFBILeVs="
    },
    "ngraph.physics.simulator": {
      "version": "0.0.8",
      "resolved": "https://registry.nlark.com/ngraph.physics.simulator/download/ngraph.physics.simulator-0.0.8.tgz",
      "integrity": "sha1-53H9tjzmSRH9sQm4W/m4wxupEp4=",
      "requires": {
        "ngraph.expose": "0.0.0",
        "ngraph.merge": "0.0.1",
        "ngraph.physics.primitives": "0.0.7",
        "ngraph.quadtreebh": "0.0.2",
        "ngraph.random": "0.0.1"
      }
    },
    "ngraph.quadtreebh": {
      "version": "0.0.2",
      "resolved": "https://registry.nlark.com/ngraph.quadtreebh/download/ngraph.quadtreebh-0.0.2.tgz",
      "integrity": "sha1-9nwwxjMYQB/ooaol73G1VhD0Jko=",
      "requires": {
        "ngraph.random": "0.0.1"
      }
    },
    "ngraph.quadtreebh3d": {
      "version": "0.0.2",
      "resolved": "https://registry.npm.taobao.org/ngraph.quadtreebh3d/download/ngraph.quadtreebh3d-0.0.2.tgz",
      "integrity": "sha1-xw7t8Vyf6IlHrDsNijHL9zXqosQ=",
      "requires": {
        "ngraph.random": "0.0.1"
      }
    },
    "ngraph.random": {
      "version": "0.0.1",
      "resolved": "https://registry.npm.taobao.org/ngraph.random/download/ngraph.random-0.0.1.tgz",
      "integrity": "sha1-wAji67/f+vF+0Q5LvJE+VnFmvPg="
    },
    "ngraph.serialization": {
      "version": "0.0.7",
      "resolved": "https://registry.nlark.com/ngraph.serialization/download/ngraph.serialization-0.0.7.tgz",
      "integrity": "sha1-xmzglYZIUiBNkty/VSuSaWCklbw=",
      "requires": {
        "ngraph.graph": "0.0.11"
      }
    },
    "ngraph.tobinary": {
      "version": "1.0.2",
      "resolved": "https://registry.nlark.com/ngraph.tobinary/download/ngraph.tobinary-1.0.2.tgz",
      "integrity": "sha1-WenelrldkoaVejJi5Iz5kw4vFRs=",
      "requires": {
        "mkdirp": "^0.5.0",
        "ngraph.merge": "0.0.1"
      }
    },
    "pause-stream": {
      "version": "0.0.11",
      "resolved": "https://registry.npm.taobao.org/pause-stream/download/pause-stream-0.0.11.tgz",
      "integrity": "sha1-/lo0sMvOErWqaitAPuLnO2AvFEU=",
      "requires": {
        "through": "~2.3"
      }
    },
    "split": {
      "version": "1.0.1",
      "resolved": "https://registry.npm.taobao.org/split/download/split-1.0.1.tgz",
      "integrity": "sha1-YFvZvjA6pZ+zX5Ip++oN3snqB9k=",
      "requires": {
        "through": "2"
      }
    },
    "stream-combiner": {
      "version": "0.2.2",
      "resolved": "https://registry.npm.taobao.org/stream-combiner/download/stream-combiner-0.2.2.tgz",
      "integrity": "sha1-rsjLrBd7Vrb0+kec7YwZEs7lKFg=",
      "requires": {
        "duplexer": "~0.1.1",
        "through": "~2.3.4"
      }
    },
    "through": {
      "version": "2.3.8",
      "resolved": "https://registry.nlark.com/through/download/through-2.3.8.tgz",
      "integrity": "sha1-DdTJ/6q8NXlgsbckEV1+Doai4fU="
    },
    "tsv": {
      "version": "0.2.0",
      "resolved": "https://registry.npm.taobao.org/tsv/download/tsv-0.2.0.tgz",
      "integrity": "sha1-koaaPLX1AzLz3JD8qCvmZ9tvctY="
    }
  }
}
